
Microsoft Visual Studio Solution File, Format Version 12.00
# Visual Studio Version 17
VisualStudioVersion = 17.10.35027.167
MinimumVisualStudioVersion = 10.0.40219.1
Project("{9A19103F-16F7-4668-BE54-9A1E7A4F7556}") = "RazorPageDemos", "RazorPageDemos\RazorPageDemos.csproj", "{E586858F-F7D8-4FDB-A664-6608967D1971}"
EndProject
Project("{9A19103F-16F7-4668-BE54-9A1E7A4F7556}") = "MVCWebAppDemo", "MVCWebAppDemo\MVCWebAppDemo.csproj", "{402F06A6-D2F9-496F-A1DF-34AFAB416307}"
EndProject
Project("{2150E333-8FDC-42A3-9474-1A3956D46DE8}") = "Fundamentals", "Fundamentals", "{36D09F8B-2FC5-44A9-8E50-59C2C832905E}"
EndProject
Project("{9A19103F-16F7-4668-BE54-9A1E7A4F7556}") = "DIDemosConsoleApp", "Fundamentals\DIDemosConsoleApp\DIDemosConsoleApp.csproj", "{4C2CE882-CBD8-48E1-98A3-89FA6C2475AC}"
EndProject
Project("{9A19103F-16F7-4668-BE54-9A1E7A4F7556}") = "DIDemoPrject.Testing", "DIDemoPrject.Testing\DIDemoPrject.Testing.csproj", "{1960DF69-8F87-4195-A215-C09E044016BB}"
EndProject
Project("{9A19103F-16F7-4668-BE54-9A1E7A4F7556}") = "WebApplicationAPI", "WebApplicationAPI\WebApplicationAPI.csproj", "{F2C6C8AB-6A79-4EBF-904B-76D6F7BC9394}"
EndProject
Project("{9A19103F-16F7-4668-BE54-9A1E7A4F7556}") = "WebApplicationMinimalAPI", "WebApplicationMinimalAPI\WebApplicationMinimalAPI.csproj", "{EA3DC332-CA8B-443C-8C8B-988C7219936E}"
EndProject
Project("{2150E333-8FDC-42A3-9474-1A3956D46DE8}") = "EFCore", "EFCore", "{F2779E4A-2D44-4614-82D4-F4BA1D2E1F06}"
EndProject
Project("{9A19103F-16F7-4668-BE54-9A1E7A4F7556}") = "AdvancedMappingSamples", "EF\AdvancedMappingSamples\AdvancedMappingSamples.csproj", "{8798AFA9-E242-4FCC-8558-769B9E79C478}"
EndProject
Project("{FAE04EC0-301F-11D3-BF4B-00C04F79EFBC}") = "ShiftsRazorClassLibrary", "ShiftsRazorClassLibrary\ShiftsRazorClassLibrary.csproj", "{307A887F-B92D-4075-9814-42A814DDFE32}"
EndProject
Global
	GlobalSection(SolutionConfigurationPlatforms) = preSolution
		Debug|Any CPU = Debug|Any CPU
		Release|Any CPU = Release|Any CPU
	EndGlobalSection
	GlobalSection(ProjectConfigurationPlatforms) = postSolution
		{E586858F-F7D8-4FDB-A664-6608967D1971}.Debug|Any CPU.ActiveCfg = Debug|Any CPU
		{E586858F-F7D8-4FDB-A664-6608967D1971}.Debug|Any CPU.Build.0 = Debug|Any CPU
		{E586858F-F7D8-4FDB-A664-6608967D1971}.Release|Any CPU.ActiveCfg = Release|Any CPU
		{E586858F-F7D8-4FDB-A664-6608967D1971}.Release|Any CPU.Build.0 = Release|Any CPU
		{402F06A6-D2F9-496F-A1DF-34AFAB416307}.Debug|Any CPU.ActiveCfg = Debug|Any CPU
		{402F06A6-D2F9-496F-A1DF-34AFAB416307}.Debug|Any CPU.Build.0 = Debug|Any CPU
		{402F06A6-D2F9-496F-A1DF-34AFAB416307}.Release|Any CPU.ActiveCfg = Release|Any CPU
		{402F06A6-D2F9-496F-A1DF-34AFAB416307}.Release|Any CPU.Build.0 = Release|Any CPU
		{4C2CE882-CBD8-48E1-98A3-89FA6C2475AC}.Debug|Any CPU.ActiveCfg = Debug|Any CPU
		{4C2CE882-CBD8-48E1-98A3-89FA6C2475AC}.Debug|Any CPU.Build.0 = Debug|Any CPU
		{4C2CE882-CBD8-48E1-98A3-89FA6C2475AC}.Release|Any CPU.ActiveCfg = Release|Any CPU
		{4C2CE882-CBD8-48E1-98A3-89FA6C2475AC}.Release|Any CPU.Build.0 = Release|Any CPU
		{1960DF69-8F87-4195-A215-C09E044016BB}.Debug|Any CPU.ActiveCfg = Debug|Any CPU
		{1960DF69-8F87-4195-A215-C09E044016BB}.Debug|Any CPU.Build.0 = Debug|Any CPU
		{1960DF69-8F87-4195-A215-C09E044016BB}.Release|Any CPU.ActiveCfg = Release|Any CPU
		{1960DF69-8F87-4195-A215-C09E044016BB}.Release|Any CPU.Build.0 = Release|Any CPU
		{F2C6C8AB-6A79-4EBF-904B-76D6F7BC9394}.Debug|Any CPU.ActiveCfg = Debug|Any CPU
		{F2C6C8AB-6A79-4EBF-904B-76D6F7BC9394}.Debug|Any CPU.Build.0 = Debug|Any CPU
		{F2C6C8AB-6A79-4EBF-904B-76D6F7BC9394}.Release|Any CPU.ActiveCfg = Release|Any CPU
		{F2C6C8AB-6A79-4EBF-904B-76D6F7BC9394}.Release|Any CPU.Build.0 = Release|Any CPU
		{EA3DC332-CA8B-443C-8C8B-988C7219936E}.Debug|Any CPU.ActiveCfg = Debug|Any CPU
		{EA3DC332-CA8B-443C-8C8B-988C7219936E}.Debug|Any CPU.Build.0 = Debug|Any CPU
		{EA3DC332-CA8B-443C-8C8B-988C7219936E}.Release|Any CPU.ActiveCfg = Release|Any CPU
		{EA3DC332-CA8B-443C-8C8B-988C7219936E}.Release|Any CPU.Build.0 = Release|Any CPU
		{8798AFA9-E242-4FCC-8558-769B9E79C478}.Debug|Any CPU.ActiveCfg = Debug|Any CPU
		{8798AFA9-E242-4FCC-8558-769B9E79C478}.Debug|Any CPU.Build.0 = Debug|Any CPU
		{8798AFA9-E242-4FCC-8558-769B9E79C478}.Release|Any CPU.ActiveCfg = Release|Any CPU
		{8798AFA9-E242-4FCC-8558-769B9E79C478}.Release|Any CPU.Build.0 = Release|Any CPU
		{307A887F-B92D-4075-9814-42A814DDFE32}.Debug|Any CPU.ActiveCfg = Debug|Any CPU
		{307A887F-B92D-4075-9814-42A814DDFE32}.Debug|Any CPU.Build.0 = Debug|Any CPU
		{307A887F-B92D-4075-9814-42A814DDFE32}.Release|Any CPU.ActiveCfg = Release|Any CPU
		{307A887F-B92D-4075-9814-42A814DDFE32}.Release|Any CPU.Build.0 = Release|Any CPU
	EndGlobalSection
	GlobalSection(SolutionProperties) = preSolution
		HideSolutionNode = FALSE
	EndGlobalSection
	GlobalSection(NestedProjects) = preSolution
		{4C2CE882-CBD8-48E1-98A3-89FA6C2475AC} = {36D09F8B-2FC5-44A9-8E50-59C2C832905E}
		{1960DF69-8F87-4195-A215-C09E044016BB} = {36D09F8B-2FC5-44A9-8E50-59C2C832905E}
		{8798AFA9-E242-4FCC-8558-769B9E79C478} = {F2779E4A-2D44-4614-82D4-F4BA1D2E1F06}
	EndGlobalSection
	GlobalSection(ExtensibilityGlobals) = postSolution
		SolutionGuid = {9124756C-0BAC-4CFC-B152-BD12DCDFB959}
	EndGlobalSection
EndGlobal
