
Microsoft Visual Studio Solution File, Format Version 12.00
# Visual Studio Version 17
VisualStudioVersion = 17.10.35027.167
MinimumVisualStudioVersion = 10.0.40219.1
Project("{FAE04EC0-301F-11D3-BF4B-00C04F79EFBC}") = "RazorPageDemos", "RazorPageDemos\RazorPageDemos.csproj", "{E586858F-F7D8-4FDB-A664-6608967D1971}"
EndProject
Project("{FAE04EC0-301F-11D3-BF4B-00C04F79EFBC}") = "MVCWebAppDemo", "MVCWebAppDemo\MVCWebAppDemo.csproj", "{402F06A6-D2F9-496F-A1DF-34AFAB416307}"
EndProject
Global
	GlobalSection(SolutionConfigurationPlatforms) = preSolution
		Debug|Any CPU = Debug|Any CPU
		Release|Any CPU = Release|Any CPU
	EndGlobalSection
	GlobalSection(ProjectConfigurationPlatforms) = postSolution
		{E586858F-F7D8-4FDB-A664-6608967D1971}.Debug|Any CPU.ActiveCfg = Debug|Any CPU
		{E586858F-F7D8-4FDB-A664-6608967D1971}.Debug|Any CPU.Build.0 = Debug|Any CPU
		{E586858F-F7D8-4FDB-A664-6608967D1971}.Release|Any CPU.ActiveCfg = Release|Any CPU
		{E586858F-F7D8-4FDB-A664-6608967D1971}.Release|Any CPU.Build.0 = Release|Any CPU
		{402F06A6-D2F9-496F-A1DF-34AFAB416307}.Debug|Any CPU.ActiveCfg = Debug|Any CPU
		{402F06A6-D2F9-496F-A1DF-34AFAB416307}.Debug|Any CPU.Build.0 = Debug|Any CPU
		{402F06A6-D2F9-496F-A1DF-34AFAB416307}.Release|Any CPU.ActiveCfg = Release|Any CPU
		{402F06A6-D2F9-496F-A1DF-34AFAB416307}.Release|Any CPU.Build.0 = Release|Any CPU
	EndGlobalSection
	GlobalSection(SolutionProperties) = preSolution
		HideSolutionNode = FALSE
	EndGlobalSection
	GlobalSection(ExtensibilityGlobals) = postSolution
		SolutionGuid = {9124756C-0BAC-4CFC-B152-BD12DCDFB959}
	EndGlobalSection
EndGlobal
